
Microsoft Visual Studio Solution File, Format Version 12.00
# Visual Studio 15
VisualStudioVersion = 15.0.26124.0
MinimumVisualStudioVersion = 15.0.26124.0
Project("{2150E333-8FDC-42A3-9474-1A3956D46DE8}") = "src", "src", "{E9B9BC08-DD9E-460B-BCAE-D00F9DE0B27D}"
EndProject
Project("{FAE04EC0-301F-11D3-BF4B-00C04F79EFBC}") = "Expenses.Api", "src\Expenses.Api\Expenses.Api.csproj", "{4A355F54-272A-47B0-BAE9-97844C39B8CE}"
EndProject
Project("{FAE04EC0-301F-11D3-BF4B-00C04F79EFBC}") = "Expenses.Api.Common", "src\Expenses.Common\Expenses.Api.Common.csproj", "{9469E7BE-8DA3-40D7-BF25-EB09F4370FFC}"
EndProject
Project("{FAE04EC0-301F-11D3-BF4B-00C04F79EFBC}") = "Expenses.Api.Models", "src\Expenses.Api.Models\Expenses.Api.Models.csproj", "{23BF6D45-3FEC-4EBC-9695-CC810DA6DB70}"
EndProject
Project("{FAE04EC0-301F-11D3-BF4B-00C04F79EFBC}") = "Expenses.Data.Access", "src\Expenses.Data.Access\Expenses.Data.Access.csproj", "{B857452D-AE92-4CC0-801C-1703803B515B}"
EndProject
Project("{FAE04EC0-301F-11D3-BF4B-00C04F79EFBC}") = "Expenses.Data.Models", "src\Expenses.Data.Models\Expenses.Data.Models.csproj", "{D31FC212-B470-43BF-B9C7-EC53AC4D94B6}"
EndProject
Project("{FAE04EC0-301F-11D3-BF4B-00C04F79EFBC}") = "Expenses.Queries", "src\Expenses.Queries\Expenses.Queries.csproj", "{5CA1DCC0-BC86-4D74-B26D-DFA7ACEBDF7D}"
EndProject
Project("{FAE04EC0-301F-11D3-BF4B-00C04F79EFBC}") = "Expenses.Security", "src\Expenses.Security\Expenses.Security.csproj", "{BAD54CF6-E4DB-44DC-BD43-D54FA364C859}"
EndProject
Project("{2150E333-8FDC-42A3-9474-1A3956D46DE8}") = "tests", "tests", "{0F5DF982-C264-49E8-94CA-4B7834E7EA70}"
EndProject
Project("{FAE04EC0-301F-11D3-BF4B-00C04F79EFBC}") = "Expenses.QueriesTests", "tests\Expenses.QueriesTests\Expenses.QueriesTests.csproj", "{C4E604AE-AAD3-4BD3-B36F-73FD289AD43A}"
EndProject
Project("{FAE04EC0-301F-11D3-BF4B-00C04F79EFBC}") = "Expenses.Api.IntegrationTests", "tests\Expenses.Api.IntegrationTests\Expenses.Api.IntegrationTests.csproj", "{81A4CD75-E2D3-4767-8BB6-A441F073D19A}"
EndProject
Global
	GlobalSection(SolutionConfigurationPlatforms) = preSolution
		Debug|Any CPU = Debug|Any CPU
		Debug|x64 = Debug|x64
		Debug|x86 = Debug|x86
		Release|Any CPU = Release|Any CPU
		Release|x64 = Release|x64
		Release|x86 = Release|x86
	EndGlobalSection
	GlobalSection(SolutionProperties) = preSolution
		HideSolutionNode = FALSE
	EndGlobalSection
	GlobalSection(ProjectConfigurationPlatforms) = postSolution
		{4A355F54-272A-47B0-BAE9-97844C39B8CE}.Debug|Any CPU.ActiveCfg = Debug|Any CPU
		{4A355F54-272A-47B0-BAE9-97844C39B8CE}.Debug|Any CPU.Build.0 = Debug|Any CPU
		{4A355F54-272A-47B0-BAE9-97844C39B8CE}.Debug|x64.ActiveCfg = Debug|Any CPU
		{4A355F54-272A-47B0-BAE9-97844C39B8CE}.Debug|x64.Build.0 = Debug|Any CPU
		{4A355F54-272A-47B0-BAE9-97844C39B8CE}.Debug|x86.ActiveCfg = Debug|Any CPU
		{4A355F54-272A-47B0-BAE9-97844C39B8CE}.Debug|x86.Build.0 = Debug|Any CPU
		{4A355F54-272A-47B0-BAE9-97844C39B8CE}.Release|Any CPU.ActiveCfg = Release|Any CPU
		{4A355F54-272A-47B0-BAE9-97844C39B8CE}.Release|Any CPU.Build.0 = Release|Any CPU
		{4A355F54-272A-47B0-BAE9-97844C39B8CE}.Release|x64.ActiveCfg = Release|Any CPU
		{4A355F54-272A-47B0-BAE9-97844C39B8CE}.Release|x64.Build.0 = Release|Any CPU
		{4A355F54-272A-47B0-BAE9-97844C39B8CE}.Release|x86.ActiveCfg = Release|Any CPU
		{4A355F54-272A-47B0-BAE9-97844C39B8CE}.Release|x86.Build.0 = Release|Any CPU
		{9469E7BE-8DA3-40D7-BF25-EB09F4370FFC}.Debug|Any CPU.ActiveCfg = Debug|Any CPU
		{9469E7BE-8DA3-40D7-BF25-EB09F4370FFC}.Debug|Any CPU.Build.0 = Debug|Any CPU
		{9469E7BE-8DA3-40D7-BF25-EB09F4370FFC}.Debug|x64.ActiveCfg = Debug|Any CPU
		{9469E7BE-8DA3-40D7-BF25-EB09F4370FFC}.Debug|x64.Build.0 = Debug|Any CPU
		{9469E7BE-8DA3-40D7-BF25-EB09F4370FFC}.Debug|x86.ActiveCfg = Debug|Any CPU
		{9469E7BE-8DA3-40D7-BF25-EB09F4370FFC}.Debug|x86.Build.0 = Debug|Any CPU
		{9469E7BE-8DA3-40D7-BF25-EB09F4370FFC}.Release|Any CPU.ActiveCfg = Release|Any CPU
		{9469E7BE-8DA3-40D7-BF25-EB09F4370FFC}.Release|Any CPU.Build.0 = Release|Any CPU
		{9469E7BE-8DA3-40D7-BF25-EB09F4370FFC}.Release|x64.ActiveCfg = Release|Any CPU
		{9469E7BE-8DA3-40D7-BF25-EB09F4370FFC}.Release|x64.Build.0 = Release|Any CPU
		{9469E7BE-8DA3-40D7-BF25-EB09F4370FFC}.Release|x86.ActiveCfg = Release|Any CPU
		{9469E7BE-8DA3-40D7-BF25-EB09F4370FFC}.Release|x86.Build.0 = Release|Any CPU
		{23BF6D45-3FEC-4EBC-9695-CC810DA6DB70}.Debug|Any CPU.ActiveCfg = Debug|Any CPU
		{23BF6D45-3FEC-4EBC-9695-CC810DA6DB70}.Debug|Any CPU.Build.0 = Debug|Any CPU
		{23BF6D45-3FEC-4EBC-9695-CC810DA6DB70}.Debug|x64.ActiveCfg = Debug|Any CPU
		{23BF6D45-3FEC-4EBC-9695-CC810DA6DB70}.Debug|x64.Build.0 = Debug|Any CPU
		{23BF6D45-3FEC-4EBC-9695-CC810DA6DB70}.Debug|x86.ActiveCfg = Debug|Any CPU
		{23BF6D45-3FEC-4EBC-9695-CC810DA6DB70}.Debug|x86.Build.0 = Debug|Any CPU
		{23BF6D45-3FEC-4EBC-9695-CC810DA6DB70}.Release|Any CPU.ActiveCfg = Release|Any CPU
		{23BF6D45-3FEC-4EBC-9695-CC810DA6DB70}.Release|Any CPU.Build.0 = Release|Any CPU
		{23BF6D45-3FEC-4EBC-9695-CC810DA6DB70}.Release|x64.ActiveCfg = Release|Any CPU
		{23BF6D45-3FEC-4EBC-9695-CC810DA6DB70}.Release|x64.Build.0 = Release|Any CPU
		{23BF6D45-3FEC-4EBC-9695-CC810DA6DB70}.Release|x86.ActiveCfg = Release|Any CPU
		{23BF6D45-3FEC-4EBC-9695-CC810DA6DB70}.Release|x86.Build.0 = Release|Any CPU
		{B857452D-AE92-4CC0-801C-1703803B515B}.Debug|Any CPU.ActiveCfg = Debug|Any CPU
		{B857452D-AE92-4CC0-801C-1703803B515B}.Debug|Any CPU.Build.0 = Debug|Any CPU
		{B857452D-AE92-4CC0-801C-1703803B515B}.Debug|x64.ActiveCfg = Debug|Any CPU
		{B857452D-AE92-4CC0-801C-1703803B515B}.Debug|x64.Build.0 = Debug|Any CPU
		{B857452D-AE92-4CC0-801C-1703803B515B}.Debug|x86.ActiveCfg = Debug|Any CPU
		{B857452D-AE92-4CC0-801C-1703803B515B}.Debug|x86.Build.0 = Debug|Any CPU
		{B857452D-AE92-4CC0-801C-1703803B515B}.Release|Any CPU.ActiveCfg = Release|Any CPU
		{B857452D-AE92-4CC0-801C-1703803B515B}.Release|Any CPU.Build.0 = Release|Any CPU
		{B857452D-AE92-4CC0-801C-1703803B515B}.Release|x64.ActiveCfg = Release|Any CPU
		{B857452D-AE92-4CC0-801C-1703803B515B}.Release|x64.Build.0 = Release|Any CPU
		{B857452D-AE92-4CC0-801C-1703803B515B}.Release|x86.ActiveCfg = Release|Any CPU
		{B857452D-AE92-4CC0-801C-1703803B515B}.Release|x86.Build.0 = Release|Any CPU
		{D31FC212-B470-43BF-B9C7-EC53AC4D94B6}.Debug|Any CPU.ActiveCfg = Debug|Any CPU
		{D31FC212-B470-43BF-B9C7-EC53AC4D94B6}.Debug|Any CPU.Build.0 = Debug|Any CPU
		{D31FC212-B470-43BF-B9C7-EC53AC4D94B6}.Debug|x64.ActiveCfg = Debug|Any CPU
		{D31FC212-B470-43BF-B9C7-EC53AC4D94B6}.Debug|x64.Build.0 = Debug|Any CPU
		{D31FC212-B470-43BF-B9C7-EC53AC4D94B6}.Debug|x86.ActiveCfg = Debug|Any CPU
		{D31FC212-B470-43BF-B9C7-EC53AC4D94B6}.Debug|x86.Build.0 = Debug|Any CPU
		{D31FC212-B470-43BF-B9C7-EC53AC4D94B6}.Release|Any CPU.ActiveCfg = Release|Any CPU
		{D31FC212-B470-43BF-B9C7-EC53AC4D94B6}.Release|Any CPU.Build.0 = Release|Any CPU
		{D31FC212-B470-43BF-B9C7-EC53AC4D94B6}.Release|x64.ActiveCfg = Release|Any CPU
		{D31FC212-B470-43BF-B9C7-EC53AC4D94B6}.Release|x64.Build.0 = Release|Any CPU
		{D31FC212-B470-43BF-B9C7-EC53AC4D94B6}.Release|x86.ActiveCfg = Release|Any CPU
		{D31FC212-B470-43BF-B9C7-EC53AC4D94B6}.Release|x86.Build.0 = Release|Any CPU
		{5CA1DCC0-BC86-4D74-B26D-DFA7ACEBDF7D}.Debug|Any CPU.ActiveCfg = Debug|Any CPU
		{5CA1DCC0-BC86-4D74-B26D-DFA7ACEBDF7D}.Debug|Any CPU.Build.0 = Debug|Any CPU
		{5CA1DCC0-BC86-4D74-B26D-DFA7ACEBDF7D}.Debug|x64.ActiveCfg = Debug|Any CPU
		{5CA1DCC0-BC86-4D74-B26D-DFA7ACEBDF7D}.Debug|x64.Build.0 = Debug|Any CPU
		{5CA1DCC0-BC86-4D74-B26D-DFA7ACEBDF7D}.Debug|x86.ActiveCfg = Debug|Any CPU
		{5CA1DCC0-BC86-4D74-B26D-DFA7ACEBDF7D}.Debug|x86.Build.0 = Debug|Any CPU
		{5CA1DCC0-BC86-4D74-B26D-DFA7ACEBDF7D}.Release|Any CPU.ActiveCfg = Release|Any CPU
		{5CA1DCC0-BC86-4D74-B26D-DFA7ACEBDF7D}.Release|Any CPU.Build.0 = Release|Any CPU
		{5CA1DCC0-BC86-4D74-B26D-DFA7ACEBDF7D}.Release|x64.ActiveCfg = Release|Any CPU
		{5CA1DCC0-BC86-4D74-B26D-DFA7ACEBDF7D}.Release|x64.Build.0 = Release|Any CPU
		{5CA1DCC0-BC86-4D74-B26D-DFA7ACEBDF7D}.Release|x86.ActiveCfg = Release|Any CPU
		{5CA1DCC0-BC86-4D74-B26D-DFA7ACEBDF7D}.Release|x86.Build.0 = Release|Any CPU
		{BAD54CF6-E4DB-44DC-BD43-D54FA364C859}.Debug|Any CPU.ActiveCfg = Debug|Any CPU
		{BAD54CF6-E4DB-44DC-BD43-D54FA364C859}.Debug|Any CPU.Build.0 = Debug|Any CPU
		{BAD54CF6-E4DB-44DC-BD43-D54FA364C859}.Debug|x64.ActiveCfg = Debug|Any CPU
		{BAD54CF6-E4DB-44DC-BD43-D54FA364C859}.Debug|x64.Build.0 = Debug|Any CPU
		{BAD54CF6-E4DB-44DC-BD43-D54FA364C859}.Debug|x86.ActiveCfg = Debug|Any CPU
		{BAD54CF6-E4DB-44DC-BD43-D54FA364C859}.Debug|x86.Build.0 = Debug|Any CPU
		{BAD54CF6-E4DB-44DC-BD43-D54FA364C859}.Release|Any CPU.ActiveCfg = Release|Any CPU
		{BAD54CF6-E4DB-44DC-BD43-D54FA364C859}.Release|Any CPU.Build.0 = Release|Any CPU
		{BAD54CF6-E4DB-44DC-BD43-D54FA364C859}.Release|x64.ActiveCfg = Release|Any CPU
		{BAD54CF6-E4DB-44DC-BD43-D54FA364C859}.Release|x64.Build.0 = Release|Any CPU
		{BAD54CF6-E4DB-44DC-BD43-D54FA364C859}.Release|x86.ActiveCfg = Release|Any CPU
		{BAD54CF6-E4DB-44DC-BD43-D54FA364C859}.Release|x86.Build.0 = Release|Any CPU
		{B2E2B20C-6BA3-4B6F-90E0-BAB9132F31BB}.Debug|Any CPU.ActiveCfg = Debug|Any CPU
		{B2E2B20C-6BA3-4B6F-90E0-BAB9132F31BB}.Debug|Any CPU.Build.0 = Debug|Any CPU
		{B2E2B20C-6BA3-4B6F-90E0-BAB9132F31BB}.Debug|x64.ActiveCfg = Debug|Any CPU
		{B2E2B20C-6BA3-4B6F-90E0-BAB9132F31BB}.Debug|x64.Build.0 = Debug|Any CPU
		{B2E2B20C-6BA3-4B6F-90E0-BAB9132F31BB}.Debug|x86.ActiveCfg = Debug|Any CPU
		{B2E2B20C-6BA3-4B6F-90E0-BAB9132F31BB}.Debug|x86.Build.0 = Debug|Any CPU
		{B2E2B20C-6BA3-4B6F-90E0-BAB9132F31BB}.Release|Any CPU.ActiveCfg = Release|Any CPU
		{B2E2B20C-6BA3-4B6F-90E0-BAB9132F31BB}.Release|Any CPU.Build.0 = Release|Any CPU
		{B2E2B20C-6BA3-4B6F-90E0-BAB9132F31BB}.Release|x64.ActiveCfg = Release|Any CPU
		{B2E2B20C-6BA3-4B6F-90E0-BAB9132F31BB}.Release|x64.Build.0 = Release|Any CPU
		{B2E2B20C-6BA3-4B6F-90E0-BAB9132F31BB}.Release|x86.ActiveCfg = Release|Any CPU
		{B2E2B20C-6BA3-4B6F-90E0-BAB9132F31BB}.Release|x86.Build.0 = Release|Any CPU
		{2819845C-F5A2-4C9E-ACC2-4D9D40310947}.Debug|Any CPU.ActiveCfg = Debug|Any CPU
		{2819845C-F5A2-4C9E-ACC2-4D9D40310947}.Debug|Any CPU.Build.0 = Debug|Any CPU
		{2819845C-F5A2-4C9E-ACC2-4D9D40310947}.Debug|x64.ActiveCfg = Debug|Any CPU
		{2819845C-F5A2-4C9E-ACC2-4D9D40310947}.Debug|x64.Build.0 = Debug|Any CPU
		{2819845C-F5A2-4C9E-ACC2-4D9D40310947}.Debug|x86.ActiveCfg = Debug|Any CPU
		{2819845C-F5A2-4C9E-ACC2-4D9D40310947}.Debug|x86.Build.0 = Debug|Any CPU
		{2819845C-F5A2-4C9E-ACC2-4D9D40310947}.Release|Any CPU.ActiveCfg = Release|Any CPU
		{2819845C-F5A2-4C9E-ACC2-4D9D40310947}.Release|Any CPU.Build.0 = Release|Any CPU
		{2819845C-F5A2-4C9E-ACC2-4D9D40310947}.Release|x64.ActiveCfg = Release|Any CPU
		{2819845C-F5A2-4C9E-ACC2-4D9D40310947}.Release|x64.Build.0 = Release|Any CPU
		{2819845C-F5A2-4C9E-ACC2-4D9D40310947}.Release|x86.ActiveCfg = Release|Any CPU
		{2819845C-F5A2-4C9E-ACC2-4D9D40310947}.Release|x86.Build.0 = Release|Any CPU
		{119AC46B-3238-4384-A635-BF09D70D319D}.Debug|Any CPU.ActiveCfg = Debug|Any CPU
		{119AC46B-3238-4384-A635-BF09D70D319D}.Debug|Any CPU.Build.0 = Debug|Any CPU
		{119AC46B-3238-4384-A635-BF09D70D319D}.Debug|x64.ActiveCfg = Debug|Any CPU
		{119AC46B-3238-4384-A635-BF09D70D319D}.Debug|x64.Build.0 = Debug|Any CPU
		{119AC46B-3238-4384-A635-BF09D70D319D}.Debug|x86.ActiveCfg = Debug|Any CPU
		{119AC46B-3238-4384-A635-BF09D70D319D}.Debug|x86.Build.0 = Debug|Any CPU
		{119AC46B-3238-4384-A635-BF09D70D319D}.Release|Any CPU.ActiveCfg = Release|Any CPU
		{119AC46B-3238-4384-A635-BF09D70D319D}.Release|Any CPU.Build.0 = Release|Any CPU
		{119AC46B-3238-4384-A635-BF09D70D319D}.Release|x64.ActiveCfg = Release|Any CPU
		{119AC46B-3238-4384-A635-BF09D70D319D}.Release|x64.Build.0 = Release|Any CPU
		{119AC46B-3238-4384-A635-BF09D70D319D}.Release|x86.ActiveCfg = Release|Any CPU
		{119AC46B-3238-4384-A635-BF09D70D319D}.Release|x86.Build.0 = Release|Any CPU
		{C4E604AE-AAD3-4BD3-B36F-73FD289AD43A}.Debug|Any CPU.ActiveCfg = Debug|Any CPU
		{C4E604AE-AAD3-4BD3-B36F-73FD289AD43A}.Debug|Any CPU.Build.0 = Debug|Any CPU
		{C4E604AE-AAD3-4BD3-B36F-73FD289AD43A}.Debug|x64.ActiveCfg = Debug|Any CPU
		{C4E604AE-AAD3-4BD3-B36F-73FD289AD43A}.Debug|x64.Build.0 = Debug|Any CPU
		{C4E604AE-AAD3-4BD3-B36F-73FD289AD43A}.Debug|x86.ActiveCfg = Debug|Any CPU
		{C4E604AE-AAD3-4BD3-B36F-73FD289AD43A}.Debug|x86.Build.0 = Debug|Any CPU
		{C4E604AE-AAD3-4BD3-B36F-73FD289AD43A}.Release|Any CPU.ActiveCfg = Release|Any CPU
		{C4E604AE-AAD3-4BD3-B36F-73FD289AD43A}.Release|Any CPU.Build.0 = Release|Any CPU
		{C4E604AE-AAD3-4BD3-B36F-73FD289AD43A}.Release|x64.ActiveCfg = Release|Any CPU
		{C4E604AE-AAD3-4BD3-B36F-73FD289AD43A}.Release|x64.Build.0 = Release|Any CPU
		{C4E604AE-AAD3-4BD3-B36F-73FD289AD43A}.Release|x86.ActiveCfg = Release|Any CPU
		{C4E604AE-AAD3-4BD3-B36F-73FD289AD43A}.Release|x86.Build.0 = Release|Any CPU
		{81A4CD75-E2D3-4767-8BB6-A441F073D19A}.Debug|Any CPU.ActiveCfg = Debug|Any CPU
		{81A4CD75-E2D3-4767-8BB6-A441F073D19A}.Debug|Any CPU.Build.0 = Debug|Any CPU
		{81A4CD75-E2D3-4767-8BB6-A441F073D19A}.Debug|x64.ActiveCfg = Debug|Any CPU
		{81A4CD75-E2D3-4767-8BB6-A441F073D19A}.Debug|x64.Build.0 = Debug|Any CPU
		{81A4CD75-E2D3-4767-8BB6-A441F073D19A}.Debug|x86.ActiveCfg = Debug|Any CPU
		{81A4CD75-E2D3-4767-8BB6-A441F073D19A}.Debug|x86.Build.0 = Debug|Any CPU
		{81A4CD75-E2D3-4767-8BB6-A441F073D19A}.Release|Any CPU.ActiveCfg = Release|Any CPU
		{81A4CD75-E2D3-4767-8BB6-A441F073D19A}.Release|Any CPU.Build.0 = Release|Any CPU
		{81A4CD75-E2D3-4767-8BB6-A441F073D19A}.Release|x64.ActiveCfg = Release|Any CPU
		{81A4CD75-E2D3-4767-8BB6-A441F073D19A}.Release|x64.Build.0 = Release|Any CPU
		{81A4CD75-E2D3-4767-8BB6-A441F073D19A}.Release|x86.ActiveCfg = Release|Any CPU
		{81A4CD75-E2D3-4767-8BB6-A441F073D19A}.Release|x86.Build.0 = Release|Any CPU
	EndGlobalSection
	GlobalSection(NestedProjects) = preSolution
		{4A355F54-272A-47B0-BAE9-97844C39B8CE} = {E9B9BC08-DD9E-460B-BCAE-D00F9DE0B27D}
		{9469E7BE-8DA3-40D7-BF25-EB09F4370FFC} = {E9B9BC08-DD9E-460B-BCAE-D00F9DE0B27D}
		{23BF6D45-3FEC-4EBC-9695-CC810DA6DB70} = {E9B9BC08-DD9E-460B-BCAE-D00F9DE0B27D}
		{B857452D-AE92-4CC0-801C-1703803B515B} = {E9B9BC08-DD9E-460B-BCAE-D00F9DE0B27D}
		{D31FC212-B470-43BF-B9C7-EC53AC4D94B6} = {E9B9BC08-DD9E-460B-BCAE-D00F9DE0B27D}
		{5CA1DCC0-BC86-4D74-B26D-DFA7ACEBDF7D} = {E9B9BC08-DD9E-460B-BCAE-D00F9DE0B27D}
		{BAD54CF6-E4DB-44DC-BD43-D54FA364C859} = {E9B9BC08-DD9E-460B-BCAE-D00F9DE0B27D}
		{C4E604AE-AAD3-4BD3-B36F-73FD289AD43A} = {0F5DF982-C264-49E8-94CA-4B7834E7EA70}
		{81A4CD75-E2D3-4767-8BB6-A441F073D19A} = {0F5DF982-C264-49E8-94CA-4B7834E7EA70}
	EndGlobalSection
EndGlobal
